
Microsoft Visual Studio Solution File, Format Version 12.00
# Visual Studio 14
VisualStudioVersion = 14.0.25420.1
MinimumVisualStudioVersion = 10.0.40219.1
Project("{FAE04EC0-301F-11D3-BF4B-00C04F79EFBC}") = "RepositoryPattern.BasicExample", "RepositoryPattern.BasicExample.csproj", "{0EAAB288-6B11-4656-B7C9-F0CDF626585D}"
EndProject
Global
	GlobalSection(SolutionConfigurationPlatforms) = preSolution
		Debug|Any CPU = Debug|Any CPU
		Release|Any CPU = Release|Any CPU
	EndGlobalSection
	GlobalSection(ProjectConfigurationPlatforms) = postSolution
		{0EAAB288-6B11-4656-B7C9-F0CDF626585D}.Debug|Any CPU.ActiveCfg = Debug|Any CPU
		{0EAAB288-6B11-4656-B7C9-F0CDF626585D}.Debug|Any CPU.Build.0 = Debug|Any CPU
		{0EAAB288-6B11-4656-B7C9-F0CDF626585D}.Release|Any CPU.ActiveCfg = Release|Any CPU
		{0EAAB288-6B11-4656-B7C9-F0CDF626585D}.Release|Any CPU.Build.0 = Release|Any CPU
	EndGlobalSection
	GlobalSection(SolutionProperties) = preSolution
		HideSolutionNode = FALSE
	EndGlobalSection
EndGlobal
